{
  "version": 4,
  "terraform_version": "1.14.0",
  "serial": 35,
  "lineage": "d05ef123-88b5-33ad-8596-a9951f6a8245",
  "outputs": {
    "conteudo_arquivo": {
      "value": "Valor do output teste",
      "type": "string"
    },
    "id_arquivo": {
      "value": "85017ecc5d751ea4b9ff53e023fba9fcf169fa8f",
      "type": "string"
    },
    "variavel-conteudo": {
      "value": "Valor do output teste",
      "type": "string"
    }
  },
  "resources": [
    {
      "mode": "data",
      "type": "local_file",
      "name": "exemplo-data",
      "provider": "provider[\"registry.terraform.io/hashicorp/local\"]",
      "instances": [
        {
          "schema_version": 0,
          "attributes": {
            "content": "Valor do output teste",
            "content_base64": "VmFsb3IgZG8gb3V0cHV0IHRlc3Rl",
            "content_base64sha256": "z2fawfpMUXGaXPi3wCD8u+erMnko5MPGBp9z5oE1mVY=",
            "content_base64sha512": "12rPcaRyVepZmCDuqkC6NBBI5UXY8uzoKY+zl7UfG4hth1uEVfdP1ah6QIbWdAzYPmAx80eMHRs6mCJ9PGoRhg==",
            "content_md5": "848f7698a49b5d41d810190847abe4e9",
            "content_sha1": "85017ecc5d751ea4b9ff53e023fba9fcf169fa8f",
            "content_sha256": "cf67dac1fa4c51719a5cf8b7c020fcbbe7ab327928e4c3c6069f73e681359956",
            "content_sha512": "d76acf71a47255ea599820eeaa40ba341048e545d8f2ece8298fb397b51f1b886d875b8455f74fd5a87a4086d6740cd83e6031f3478c1d1b3a98227d3c6a1186",
            "filename": "teste.txt",
            "id": "85017ecc5d751ea4b9ff53e023fba9fcf169fa8f"
          },
          "sensitive_attributes": [],
          "identity_schema_version": 0
        }
      ]
    },
    {
      "mode": "managed",
      "type": "local_file",
      "name": "exemplo",
      "provider": "provider[\"registry.terraform.io/hashicorp/local\"]",
      "instances": [
        {
          "schema_version": 0,
          "attributes": {
            "content": "Valor do output teste",
            "content_base64": null,
            "content_base64sha256": "z2fawfpMUXGaXPi3wCD8u+erMnko5MPGBp9z5oE1mVY=",
            "content_base64sha512": "12rPcaRyVepZmCDuqkC6NBBI5UXY8uzoKY+zl7UfG4hth1uEVfdP1ah6QIbWdAzYPmAx80eMHRs6mCJ9PGoRhg==",
            "content_md5": "848f7698a49b5d41d810190847abe4e9",
            "content_sha1": "85017ecc5d751ea4b9ff53e023fba9fcf169fa8f",
            "content_sha256": "cf67dac1fa4c51719a5cf8b7c020fcbbe7ab327928e4c3c6069f73e681359956",
            "content_sha512": "d76acf71a47255ea599820eeaa40ba341048e545d8f2ece8298fb397b51f1b886d875b8455f74fd5a87a4086d6740cd83e6031f3478c1d1b3a98227d3c6a1186",
            "directory_permission": "0777",
            "file_permission": "0777",
            "filename": "teste.txt",
            "id": "85017ecc5d751ea4b9ff53e023fba9fcf169fa8f",
            "sensitive_content": null,
            "source": null
          },
          "sensitive_attributes": [
            [
              {
                "type": "get_attr",
                "value": "sensitive_content"
              }
            ]
          ],
          "identity_schema_version": 0
        }
      ]
    }
  ],
  "check_results": null
}
